
Microsoft Visual Studio Solution File, Format Version 12.00
# Visual Studio Version 17
VisualStudioVersion = 17.4.33213.308
MinimumVisualStudioVersion = 10.0.40219.1
Project("{9A19103F-16F7-4668-BE54-9A1E7A4F7556}") = "GameStore", "GameStore\GameStore.csproj", "{416EB03D-7708-4941-AA33-168696E87DBF}"
EndProject
Global
	GlobalSection(SolutionConfigurationPlatforms) = preSolution
		Debug|Any CPU = Debug|Any CPU
		Release|Any CPU = Release|Any CPU
	EndGlobalSection
	GlobalSection(ProjectConfigurationPlatforms) = postSolution
		{416EB03D-7708-4941-AA33-168696E87DBF}.Debug|Any CPU.ActiveCfg = Debug|Any CPU
		{416EB03D-7708-4941-AA33-168696E87DBF}.Debug|Any CPU.Build.0 = Debug|Any CPU
		{416EB03D-7708-4941-AA33-168696E87DBF}.Release|Any CPU.ActiveCfg = Release|Any CPU
		{416EB03D-7708-4941-AA33-168696E87DBF}.Release|Any CPU.Build.0 = Release|Any CPU
	EndGlobalSection
	GlobalSection(SolutionProperties) = preSolution
		HideSolutionNode = FALSE
	EndGlobalSection
	GlobalSection(ExtensibilityGlobals) = postSolution
		SolutionGuid = {FC8A82D5-F238-47E2-9377-D790D1C9D672}
	EndGlobalSection
EndGlobal
